dependencies:
- name: postgresql
  repository: oci://registry-1.docker.io/bitnamicharts
  version: 13.2.24
- name: redis
  repository: oci://registry-1.docker.io/bitnamicharts
  version: 18.4.0
- name: memcached
  repository: oci://registry-1.docker.io/bitnamicharts
  version: 6.7.1
digest: sha256:2f21797ef9814170dec4399cf6fb6532b638637aff6ca5e68a13bef3390dcf60
generated: "2023-12-05T20:09:35.805840322+01:00"
