dependencies:
- name: postgresql
  repository: oci://registry-1.docker.io/bitnamicharts
  version: 16.7.27
- name: redis
  repository: oci://registry-1.docker.io/bitnamicharts
  version: 20.13.4
- name: memcached
  repository: oci://registry-1.docker.io/bitnamicharts
  version: 7.9.7
digest: sha256:c4cdcf756f8fa4ec3d4577f3d6d79682dbf841afedb392e015c1f9a7d57bef8d
generated: "2025-11-13T14:58:29.593553+01:00"
